
Microsoft Visual Studio Solution File, Format Version 12.00
# Visual Studio 2012
Project("{FAE04EC0-301F-11D3-BF4B-00C04F79EFBC}") = "MonoGameExample", "MonoGameExample.csproj", "{5915DBB5-C155-414A-824C-11ACA1E6DB92}"
EndProject
Project("{FAE04EC0-301F-11D3-BF4B-00C04F79EFBC}") = "ExampleContent", "..\ExampleContent\ExampleContent\ExampleContent.csproj", "{4D6E1128-BE14-47D3-9B8E-2B8AF91679C7}"
EndProject
Project("{FAE04EC0-301F-11D3-BF4B-00C04F79EFBC}") = "ExampleContentContent", "..\ExampleContent\ExampleContentContent\ExampleContentContent.contentproj", "{AEC1E809-90CC-424A-AD5C-7F29576F791C}"
EndProject
Project("{FAE04EC0-301F-11D3-BF4B-00C04F79EFBC}") = "ANSKPipeline", "..\ANSKLibrary\ANSKPipeline\ANSKPipeline\ANSKPipeline.csproj", "{530497C8-39BA-48CA-A18B-A6F4C0EAD5B0}"
EndProject
Project("{FAE04EC0-301F-11D3-BF4B-00C04F79EFBC}") = "ANSKPipelineLibrary", "..\ANSKLibrary\ANSKPipeline\ANSKPipelineLibrary\ANSKPipelineLibrary.csproj", "{32650DF2-89D2-41F7-A321-37F2A17A0E2C}"
EndProject
Project("{FAE04EC0-301F-11D3-BF4B-00C04F79EFBC}") = "ANSKLibrary", "..\ANSKLibrary\ANSKLibrary\ANSKLibrary.csproj", "{ABB52B39-DC55-41F9-96A6-FFF988025DBB}"
EndProject
Global
	GlobalSection(SolutionConfigurationPlatforms) = preSolution
		Android|Any CPU = Android|Any CPU
		Android|ARM = Android|ARM
		Android|Mixed Platforms = Android|Mixed Platforms
		Android|x64 = Android|x64
		Android|x86 = Android|x86
		Debug|Any CPU = Debug|Any CPU
		Debug|ARM = Debug|ARM
		Debug|Mixed Platforms = Debug|Mixed Platforms
		Debug|x64 = Debug|x64
		Debug|x86 = Debug|x86
		iOS|Any CPU = iOS|Any CPU
		iOS|ARM = iOS|ARM
		iOS|Mixed Platforms = iOS|Mixed Platforms
		iOS|x64 = iOS|x64
		iOS|x86 = iOS|x86
		Linux|Any CPU = Linux|Any CPU
		Linux|ARM = Linux|ARM
		Linux|Mixed Platforms = Linux|Mixed Platforms
		Linux|x64 = Linux|x64
		Linux|x86 = Linux|x86
		OSX|Any CPU = OSX|Any CPU
		OSX|ARM = OSX|ARM
		OSX|Mixed Platforms = OSX|Mixed Platforms
		OSX|x64 = OSX|x64
		OSX|x86 = OSX|x86
		PSM|Any CPU = PSM|Any CPU
		PSM|ARM = PSM|ARM
		PSM|Mixed Platforms = PSM|Mixed Platforms
		PSM|x64 = PSM|x64
		PSM|x86 = PSM|x86
		Release|Any CPU = Release|Any CPU
		Release|ARM = Release|ARM
		Release|Mixed Platforms = Release|Mixed Platforms
		Release|x64 = Release|x64
		Release|x86 = Release|x86
		Windows|Any CPU = Windows|Any CPU
		Windows|ARM = Windows|ARM
		Windows|Mixed Platforms = Windows|Mixed Platforms
		Windows|x64 = Windows|x64
		Windows|x86 = Windows|x86
		Windows8|Any CPU = Windows8|Any CPU
		Windows8|ARM = Windows8|ARM
		Windows8|Mixed Platforms = Windows8|Mixed Platforms
		Windows8|x64 = Windows8|x64
		Windows8|x86 = Windows8|x86
	EndGlobalSection
	GlobalSection(ProjectConfigurationPlatforms) = postSolution
		{5915DBB5-C155-414A-824C-11ACA1E6DB92}.Android|Any CPU.ActiveCfg = Release|Any CPU
		{5915DBB5-C155-414A-824C-11ACA1E6DB92}.Android|Any CPU.Build.0 = Release|Any CPU
		{5915DBB5-C155-414A-824C-11ACA1E6DB92}.Android|Any CPU.Deploy.0 = Release|Any CPU
		{5915DBB5-C155-414A-824C-11ACA1E6DB92}.Android|ARM.ActiveCfg = Release|ARM
		{5915DBB5-C155-414A-824C-11ACA1E6DB92}.Android|ARM.Build.0 = Release|ARM
		{5915DBB5-C155-414A-824C-11ACA1E6DB92}.Android|ARM.Deploy.0 = Release|ARM
		{5915DBB5-C155-414A-824C-11ACA1E6DB92}.Android|Mixed Platforms.ActiveCfg = Release|x86
		{5915DBB5-C155-414A-824C-11ACA1E6DB92}.Android|Mixed Platforms.Build.0 = Release|x86
		{5915DBB5-C155-414A-824C-11ACA1E6DB92}.Android|Mixed Platforms.Deploy.0 = Release|x86
		{5915DBB5-C155-414A-824C-11ACA1E6DB92}.Android|x64.ActiveCfg = Release|x64
		{5915DBB5-C155-414A-824C-11ACA1E6DB92}.Android|x64.Build.0 = Release|x64
		{5915DBB5-C155-414A-824C-11ACA1E6DB92}.Android|x64.Deploy.0 = Release|x64
		{5915DBB5-C155-414A-824C-11ACA1E6DB92}.Android|x86.ActiveCfg = Release|x86
		{5915DBB5-C155-414A-824C-11ACA1E6DB92}.Android|x86.Build.0 = Release|x86
		{5915DBB5-C155-414A-824C-11ACA1E6DB92}.Android|x86.Deploy.0 = Release|x86
		{5915DBB5-C155-414A-824C-11ACA1E6DB92}.Debug|Any CPU.ActiveCfg = Debug|Any CPU
		{5915DBB5-C155-414A-824C-11ACA1E6DB92}.Debug|Any CPU.Build.0 = Debug|Any CPU
		{5915DBB5-C155-414A-824C-11ACA1E6DB92}.Debug|Any CPU.Deploy.0 = Debug|Any CPU
		{5915DBB5-C155-414A-824C-11ACA1E6DB92}.Debug|ARM.ActiveCfg = Debug|ARM
		{5915DBB5-C155-414A-824C-11ACA1E6DB92}.Debug|ARM.Build.0 = Debug|ARM
		{5915DBB5-C155-414A-824C-11ACA1E6DB92}.Debug|ARM.Deploy.0 = Debug|ARM
		{5915DBB5-C155-414A-824C-11ACA1E6DB92}.Debug|Mixed Platforms.ActiveCfg = Debug|x86
		{5915DBB5-C155-414A-824C-11ACA1E6DB92}.Debug|Mixed Platforms.Build.0 = Debug|x86
		{5915DBB5-C155-414A-824C-11ACA1E6DB92}.Debug|Mixed Platforms.Deploy.0 = Debug|x86
		{5915DBB5-C155-414A-824C-11ACA1E6DB92}.Debug|x64.ActiveCfg = Debug|x64
		{5915DBB5-C155-414A-824C-11ACA1E6DB92}.Debug|x64.Build.0 = Debug|x64
		{5915DBB5-C155-414A-824C-11ACA1E6DB92}.Debug|x64.Deploy.0 = Debug|x64
		{5915DBB5-C155-414A-824C-11ACA1E6DB92}.Debug|x86.ActiveCfg = Debug|x86
		{5915DBB5-C155-414A-824C-11ACA1E6DB92}.Debug|x86.Build.0 = Debug|x86
		{5915DBB5-C155-414A-824C-11ACA1E6DB92}.Debug|x86.Deploy.0 = Debug|x86
		{5915DBB5-C155-414A-824C-11ACA1E6DB92}.iOS|Any CPU.ActiveCfg = Release|Any CPU
		{5915DBB5-C155-414A-824C-11ACA1E6DB92}.iOS|Any CPU.Build.0 = Release|Any CPU
		{5915DBB5-C155-414A-824C-11ACA1E6DB92}.iOS|Any CPU.Deploy.0 = Release|Any CPU
		{5915DBB5-C155-414A-824C-11ACA1E6DB92}.iOS|ARM.ActiveCfg = Release|ARM
		{5915DBB5-C155-414A-824C-11ACA1E6DB92}.iOS|ARM.Build.0 = Release|ARM
		{5915DBB5-C155-414A-824C-11ACA1E6DB92}.iOS|ARM.Deploy.0 = Release|ARM
		{5915DBB5-C155-414A-824C-11ACA1E6DB92}.iOS|Mixed Platforms.ActiveCfg = Release|x86
		{5915DBB5-C155-414A-824C-11ACA1E6DB92}.iOS|Mixed Platforms.Build.0 = Release|x86
		{5915DBB5-C155-414A-824C-11ACA1E6DB92}.iOS|Mixed Platforms.Deploy.0 = Release|x86
		{5915DBB5-C155-414A-824C-11ACA1E6DB92}.iOS|x64.ActiveCfg = Release|x64
		{5915DBB5-C155-414A-824C-11ACA1E6DB92}.iOS|x64.Build.0 = Release|x64
		{5915DBB5-C155-414A-824C-11ACA1E6DB92}.iOS|x64.Deploy.0 = Release|x64
		{5915DBB5-C155-414A-824C-11ACA1E6DB92}.iOS|x86.ActiveCfg = Release|x86
		{5915DBB5-C155-414A-824C-11ACA1E6DB92}.iOS|x86.Build.0 = Release|x86
		{5915DBB5-C155-414A-824C-11ACA1E6DB92}.iOS|x86.Deploy.0 = Release|x86
		{5915DBB5-C155-414A-824C-11ACA1E6DB92}.Linux|Any CPU.ActiveCfg = Release|Any CPU
		{5915DBB5-C155-414A-824C-11ACA1E6DB92}.Linux|Any CPU.Build.0 = Release|Any CPU
		{5915DBB5-C155-414A-824C-11ACA1E6DB92}.Linux|Any CPU.Deploy.0 = Release|Any CPU
		{5915DBB5-C155-414A-824C-11ACA1E6DB92}.Linux|ARM.ActiveCfg = Release|ARM
		{5915DBB5-C155-414A-824C-11ACA1E6DB92}.Linux|ARM.Build.0 = Release|ARM
		{5915DBB5-C155-414A-824C-11ACA1E6DB92}.Linux|ARM.Deploy.0 = Release|ARM
		{5915DBB5-C155-414A-824C-11ACA1E6DB92}.Linux|Mixed Platforms.ActiveCfg = Release|x86
		{5915DBB5-C155-414A-824C-11ACA1E6DB92}.Linux|Mixed Platforms.Build.0 = Release|x86
		{5915DBB5-C155-414A-824C-11ACA1E6DB92}.Linux|Mixed Platforms.Deploy.0 = Release|x86
		{5915DBB5-C155-414A-824C-11ACA1E6DB92}.Linux|x64.ActiveCfg = Release|x64
		{5915DBB5-C155-414A-824C-11ACA1E6DB92}.Linux|x64.Build.0 = Release|x64
		{5915DBB5-C155-414A-824C-11ACA1E6DB92}.Linux|x64.Deploy.0 = Release|x64
		{5915DBB5-C155-414A-824C-11ACA1E6DB92}.Linux|x86.ActiveCfg = Release|x86
		{5915DBB5-C155-414A-824C-11ACA1E6DB92}.Linux|x86.Build.0 = Release|x86
		{5915DBB5-C155-414A-824C-11ACA1E6DB92}.Linux|x86.Deploy.0 = Release|x86
		{5915DBB5-C155-414A-824C-11ACA1E6DB92}.OSX|Any CPU.ActiveCfg = Release|Any CPU
		{5915DBB5-C155-414A-824C-11ACA1E6DB92}.OSX|Any CPU.Build.0 = Release|Any CPU
		{5915DBB5-C155-414A-824C-11ACA1E6DB92}.OSX|Any CPU.Deploy.0 = Release|Any CPU
		{5915DBB5-C155-414A-824C-11ACA1E6DB92}.OSX|ARM.ActiveCfg = Release|ARM
		{5915DBB5-C155-414A-824C-11ACA1E6DB92}.OSX|ARM.Build.0 = Release|ARM
		{5915DBB5-C155-414A-824C-11ACA1E6DB92}.OSX|ARM.Deploy.0 = Release|ARM
		{5915DBB5-C155-414A-824C-11ACA1E6DB92}.OSX|Mixed Platforms.ActiveCfg = Release|x86
		{5915DBB5-C155-414A-824C-11ACA1E6DB92}.OSX|Mixed Platforms.Build.0 = Release|x86
		{5915DBB5-C155-414A-824C-11ACA1E6DB92}.OSX|Mixed Platforms.Deploy.0 = Release|x86
		{5915DBB5-C155-414A-824C-11ACA1E6DB92}.OSX|x64.ActiveCfg = Release|x64
		{5915DBB5-C155-414A-824C-11ACA1E6DB92}.OSX|x64.Build.0 = Release|x64
		{5915DBB5-C155-414A-824C-11ACA1E6DB92}.OSX|x64.Deploy.0 = Release|x64
		{5915DBB5-C155-414A-824C-11ACA1E6DB92}.OSX|x86.ActiveCfg = Release|x86
		{5915DBB5-C155-414A-824C-11ACA1E6DB92}.OSX|x86.Build.0 = Release|x86
		{5915DBB5-C155-414A-824C-11ACA1E6DB92}.OSX|x86.Deploy.0 = Release|x86
		{5915DBB5-C155-414A-824C-11ACA1E6DB92}.PSM|Any CPU.ActiveCfg = Release|Any CPU
		{5915DBB5-C155-414A-824C-11ACA1E6DB92}.PSM|Any CPU.Build.0 = Release|Any CPU
		{5915DBB5-C155-414A-824C-11ACA1E6DB92}.PSM|Any CPU.Deploy.0 = Release|Any CPU
		{5915DBB5-C155-414A-824C-11ACA1E6DB92}.PSM|ARM.ActiveCfg = Release|ARM
		{5915DBB5-C155-414A-824C-11ACA1E6DB92}.PSM|ARM.Build.0 = Release|ARM
		{5915DBB5-C155-414A-824C-11ACA1E6DB92}.PSM|ARM.Deploy.0 = Release|ARM
		{5915DBB5-C155-414A-824C-11ACA1E6DB92}.PSM|Mixed Platforms.ActiveCfg = Release|x86
		{5915DBB5-C155-414A-824C-11ACA1E6DB92}.PSM|Mixed Platforms.Build.0 = Release|x86
		{5915DBB5-C155-414A-824C-11ACA1E6DB92}.PSM|Mixed Platforms.Deploy.0 = Release|x86
		{5915DBB5-C155-414A-824C-11ACA1E6DB92}.PSM|x64.ActiveCfg = Release|x64
		{5915DBB5-C155-414A-824C-11ACA1E6DB92}.PSM|x64.Build.0 = Release|x64
		{5915DBB5-C155-414A-824C-11ACA1E6DB92}.PSM|x64.Deploy.0 = Release|x64
		{5915DBB5-C155-414A-824C-11ACA1E6DB92}.PSM|x86.ActiveCfg = Release|x86
		{5915DBB5-C155-414A-824C-11ACA1E6DB92}.PSM|x86.Build.0 = Release|x86
		{5915DBB5-C155-414A-824C-11ACA1E6DB92}.PSM|x86.Deploy.0 = Release|x86
		{5915DBB5-C155-414A-824C-11ACA1E6DB92}.Release|Any CPU.ActiveCfg = Release|Any CPU
		{5915DBB5-C155-414A-824C-11ACA1E6DB92}.Release|Any CPU.Build.0 = Release|Any CPU
		{5915DBB5-C155-414A-824C-11ACA1E6DB92}.Release|Any CPU.Deploy.0 = Release|Any CPU
		{5915DBB5-C155-414A-824C-11ACA1E6DB92}.Release|ARM.ActiveCfg = Release|ARM
		{5915DBB5-C155-414A-824C-11ACA1E6DB92}.Release|ARM.Build.0 = Release|ARM
		{5915DBB5-C155-414A-824C-11ACA1E6DB92}.Release|ARM.Deploy.0 = Release|ARM
		{5915DBB5-C155-414A-824C-11ACA1E6DB92}.Release|Mixed Platforms.ActiveCfg = Release|x86
		{5915DBB5-C155-414A-824C-11ACA1E6DB92}.Release|Mixed Platforms.Build.0 = Release|x86
		{5915DBB5-C155-414A-824C-11ACA1E6DB92}.Release|Mixed Platforms.Deploy.0 = Release|x86
		{5915DBB5-C155-414A-824C-11ACA1E6DB92}.Release|x64.ActiveCfg = Release|x64
		{5915DBB5-C155-414A-824C-11ACA1E6DB92}.Release|x64.Build.0 = Release|x64
		{5915DBB5-C155-414A-824C-11ACA1E6DB92}.Release|x64.Deploy.0 = Release|x64
		{5915DBB5-C155-414A-824C-11ACA1E6DB92}.Release|x86.ActiveCfg = Release|x86
		{5915DBB5-C155-414A-824C-11ACA1E6DB92}.Release|x86.Build.0 = Release|x86
		{5915DBB5-C155-414A-824C-11ACA1E6DB92}.Release|x86.Deploy.0 = Release|x86
		{5915DBB5-C155-414A-824C-11ACA1E6DB92}.Windows|Any CPU.ActiveCfg = Release|Any CPU
		{5915DBB5-C155-414A-824C-11ACA1E6DB92}.Windows|Any CPU.Build.0 = Release|Any CPU
		{5915DBB5-C155-414A-824C-11ACA1E6DB92}.Windows|Any CPU.Deploy.0 = Release|Any CPU
		{5915DBB5-C155-414A-824C-11ACA1E6DB92}.Windows|ARM.ActiveCfg = Release|ARM
		{5915DBB5-C155-414A-824C-11ACA1E6DB92}.Windows|ARM.Build.0 = Release|ARM
		{5915DBB5-C155-414A-824C-11ACA1E6DB92}.Windows|ARM.Deploy.0 = Release|ARM
		{5915DBB5-C155-414A-824C-11ACA1E6DB92}.Windows|Mixed Platforms.ActiveCfg = Release|x86
		{5915DBB5-C155-414A-824C-11ACA1E6DB92}.Windows|Mixed Platforms.Build.0 = Release|x86
		{5915DBB5-C155-414A-824C-11ACA1E6DB92}.Windows|Mixed Platforms.Deploy.0 = Release|x86
		{5915DBB5-C155-414A-824C-11ACA1E6DB92}.Windows|x64.ActiveCfg = Release|x64
		{5915DBB5-C155-414A-824C-11ACA1E6DB92}.Windows|x64.Build.0 = Release|x64
		{5915DBB5-C155-414A-824C-11ACA1E6DB92}.Windows|x64.Deploy.0 = Release|x64
		{5915DBB5-C155-414A-824C-11ACA1E6DB92}.Windows|x86.ActiveCfg = Release|x86
		{5915DBB5-C155-414A-824C-11ACA1E6DB92}.Windows|x86.Build.0 = Release|x86
		{5915DBB5-C155-414A-824C-11ACA1E6DB92}.Windows|x86.Deploy.0 = Release|x86
		{5915DBB5-C155-414A-824C-11ACA1E6DB92}.Windows8|Any CPU.ActiveCfg = Release|Any CPU
		{5915DBB5-C155-414A-824C-11ACA1E6DB92}.Windows8|Any CPU.Build.0 = Release|Any CPU
		{5915DBB5-C155-414A-824C-11ACA1E6DB92}.Windows8|Any CPU.Deploy.0 = Release|Any CPU
		{5915DBB5-C155-414A-824C-11ACA1E6DB92}.Windows8|ARM.ActiveCfg = Release|ARM
		{5915DBB5-C155-414A-824C-11ACA1E6DB92}.Windows8|ARM.Build.0 = Release|ARM
		{5915DBB5-C155-414A-824C-11ACA1E6DB92}.Windows8|ARM.Deploy.0 = Release|ARM
		{5915DBB5-C155-414A-824C-11ACA1E6DB92}.Windows8|Mixed Platforms.ActiveCfg = Release|x86
		{5915DBB5-C155-414A-824C-11ACA1E6DB92}.Windows8|Mixed Platforms.Build.0 = Release|x86
		{5915DBB5-C155-414A-824C-11ACA1E6DB92}.Windows8|Mixed Platforms.Deploy.0 = Release|x86
		{5915DBB5-C155-414A-824C-11ACA1E6DB92}.Windows8|x64.ActiveCfg = Release|x64
		{5915DBB5-C155-414A-824C-11ACA1E6DB92}.Windows8|x64.Build.0 = Release|x64
		{5915DBB5-C155-414A-824C-11ACA1E6DB92}.Windows8|x64.Deploy.0 = Release|x64
		{5915DBB5-C155-414A-824C-11ACA1E6DB92}.Windows8|x86.ActiveCfg = Release|x86
		{5915DBB5-C155-414A-824C-11ACA1E6DB92}.Windows8|x86.Build.0 = Release|x86
		{5915DBB5-C155-414A-824C-11ACA1E6DB92}.Windows8|x86.Deploy.0 = Release|x86
		{4D6E1128-BE14-47D3-9B8E-2B8AF91679C7}.Android|Any CPU.ActiveCfg = Android|Any CPU
		{4D6E1128-BE14-47D3-9B8E-2B8AF91679C7}.Android|Any CPU.Build.0 = Android|Any CPU
		{4D6E1128-BE14-47D3-9B8E-2B8AF91679C7}.Android|ARM.ActiveCfg = Android|Any CPU
		{4D6E1128-BE14-47D3-9B8E-2B8AF91679C7}.Android|Mixed Platforms.ActiveCfg = Android|Any CPU
		{4D6E1128-BE14-47D3-9B8E-2B8AF91679C7}.Android|Mixed Platforms.Build.0 = Android|Any CPU
		{4D6E1128-BE14-47D3-9B8E-2B8AF91679C7}.Android|x64.ActiveCfg = Android|Any CPU
		{4D6E1128-BE14-47D3-9B8E-2B8AF91679C7}.Android|x86.ActiveCfg = Android|Any CPU
		{4D6E1128-BE14-47D3-9B8E-2B8AF91679C7}.Debug|Any CPU.ActiveCfg = PSM|Any CPU
		{4D6E1128-BE14-47D3-9B8E-2B8AF91679C7}.Debug|Any CPU.Build.0 = PSM|Any CPU
		{4D6E1128-BE14-47D3-9B8E-2B8AF91679C7}.Debug|ARM.ActiveCfg = PSM|Any CPU
		{4D6E1128-BE14-47D3-9B8E-2B8AF91679C7}.Debug|Mixed Platforms.ActiveCfg = PSM|Any CPU
		{4D6E1128-BE14-47D3-9B8E-2B8AF91679C7}.Debug|Mixed Platforms.Build.0 = PSM|Any CPU
		{4D6E1128-BE14-47D3-9B8E-2B8AF91679C7}.Debug|x64.ActiveCfg = PSM|Any CPU
		{4D6E1128-BE14-47D3-9B8E-2B8AF91679C7}.Debug|x86.ActiveCfg = PSM|Any CPU
		{4D6E1128-BE14-47D3-9B8E-2B8AF91679C7}.iOS|Any CPU.ActiveCfg = iOS|Any CPU
		{4D6E1128-BE14-47D3-9B8E-2B8AF91679C7}.iOS|Any CPU.Build.0 = iOS|Any CPU
		{4D6E1128-BE14-47D3-9B8E-2B8AF91679C7}.iOS|ARM.ActiveCfg = iOS|Any CPU
		{4D6E1128-BE14-47D3-9B8E-2B8AF91679C7}.iOS|Mixed Platforms.ActiveCfg = iOS|Any CPU
		{4D6E1128-BE14-47D3-9B8E-2B8AF91679C7}.iOS|Mixed Platforms.Build.0 = iOS|Any CPU
		{4D6E1128-BE14-47D3-9B8E-2B8AF91679C7}.iOS|x64.ActiveCfg = iOS|Any CPU
		{4D6E1128-BE14-47D3-9B8E-2B8AF91679C7}.iOS|x86.ActiveCfg = iOS|Any CPU
		{4D6E1128-BE14-47D3-9B8E-2B8AF91679C7}.Linux|Any CPU.ActiveCfg = Linux|Any CPU
		{4D6E1128-BE14-47D3-9B8E-2B8AF91679C7}.Linux|Any CPU.Build.0 = Linux|Any CPU
		{4D6E1128-BE14-47D3-9B8E-2B8AF91679C7}.Linux|ARM.ActiveCfg = Linux|Any CPU
		{4D6E1128-BE14-47D3-9B8E-2B8AF91679C7}.Linux|Mixed Platforms.ActiveCfg = Linux|Any CPU
		{4D6E1128-BE14-47D3-9B8E-2B8AF91679C7}.Linux|Mixed Platforms.Build.0 = Linux|Any CPU
		{4D6E1128-BE14-47D3-9B8E-2B8AF91679C7}.Linux|x64.ActiveCfg = Linux|Any CPU
		{4D6E1128-BE14-47D3-9B8E-2B8AF91679C7}.Linux|x86.ActiveCfg = Linux|Any CPU
		{4D6E1128-BE14-47D3-9B8E-2B8AF91679C7}.OSX|Any CPU.ActiveCfg = OSX|Any CPU
		{4D6E1128-BE14-47D3-9B8E-2B8AF91679C7}.OSX|Any CPU.Build.0 = OSX|Any CPU
		{4D6E1128-BE14-47D3-9B8E-2B8AF91679C7}.OSX|ARM.ActiveCfg = OSX|Any CPU
		{4D6E1128-BE14-47D3-9B8E-2B8AF91679C7}.OSX|Mixed Platforms.ActiveCfg = OSX|Any CPU
		{4D6E1128-BE14-47D3-9B8E-2B8AF91679C7}.OSX|Mixed Platforms.Build.0 = OSX|Any CPU
		{4D6E1128-BE14-47D3-9B8E-2B8AF91679C7}.OSX|x64.ActiveCfg = OSX|Any CPU
		{4D6E1128-BE14-47D3-9B8E-2B8AF91679C7}.OSX|x86.ActiveCfg = OSX|Any CPU
		{4D6E1128-BE14-47D3-9B8E-2B8AF91679C7}.PSM|Any CPU.ActiveCfg = PSM|Any CPU
		{4D6E1128-BE14-47D3-9B8E-2B8AF91679C7}.PSM|Any CPU.Build.0 = PSM|Any CPU
		{4D6E1128-BE14-47D3-9B8E-2B8AF91679C7}.PSM|ARM.ActiveCfg = PSM|Any CPU
		{4D6E1128-BE14-47D3-9B8E-2B8AF91679C7}.PSM|Mixed Platforms.ActiveCfg = PSM|Any CPU
		{4D6E1128-BE14-47D3-9B8E-2B8AF91679C7}.PSM|Mixed Platforms.Build.0 = PSM|Any CPU
		{4D6E1128-BE14-47D3-9B8E-2B8AF91679C7}.PSM|x64.ActiveCfg = PSM|Any CPU
		{4D6E1128-BE14-47D3-9B8E-2B8AF91679C7}.PSM|x86.ActiveCfg = PSM|Any CPU
		{4D6E1128-BE14-47D3-9B8E-2B8AF91679C7}.Release|Any CPU.ActiveCfg = PSM|Any CPU
		{4D6E1128-BE14-47D3-9B8E-2B8AF91679C7}.Release|Any CPU.Build.0 = PSM|Any CPU
		{4D6E1128-BE14-47D3-9B8E-2B8AF91679C7}.Release|ARM.ActiveCfg = PSM|Any CPU
		{4D6E1128-BE14-47D3-9B8E-2B8AF91679C7}.Release|Mixed Platforms.ActiveCfg = PSM|Any CPU
		{4D6E1128-BE14-47D3-9B8E-2B8AF91679C7}.Release|Mixed Platforms.Build.0 = PSM|Any CPU
		{4D6E1128-BE14-47D3-9B8E-2B8AF91679C7}.Release|x64.ActiveCfg = PSM|Any CPU
		{4D6E1128-BE14-47D3-9B8E-2B8AF91679C7}.Release|x86.ActiveCfg = PSM|Any CPU
		{4D6E1128-BE14-47D3-9B8E-2B8AF91679C7}.Windows|Any CPU.ActiveCfg = Windows|Any CPU
		{4D6E1128-BE14-47D3-9B8E-2B8AF91679C7}.Windows|Any CPU.Build.0 = Windows|Any CPU
		{4D6E1128-BE14-47D3-9B8E-2B8AF91679C7}.Windows|ARM.ActiveCfg = Windows|Any CPU
		{4D6E1128-BE14-47D3-9B8E-2B8AF91679C7}.Windows|Mixed Platforms.ActiveCfg = Windows|Any CPU
		{4D6E1128-BE14-47D3-9B8E-2B8AF91679C7}.Windows|Mixed Platforms.Build.0 = Windows|Any CPU
		{4D6E1128-BE14-47D3-9B8E-2B8AF91679C7}.Windows|x64.ActiveCfg = Windows|Any CPU
		{4D6E1128-BE14-47D3-9B8E-2B8AF91679C7}.Windows|x86.ActiveCfg = Windows|Any CPU
		{4D6E1128-BE14-47D3-9B8E-2B8AF91679C7}.Windows8|Any CPU.ActiveCfg = Windows8|Any CPU
		{4D6E1128-BE14-47D3-9B8E-2B8AF91679C7}.Windows8|Any CPU.Build.0 = Windows8|Any CPU
		{4D6E1128-BE14-47D3-9B8E-2B8AF91679C7}.Windows8|ARM.ActiveCfg = Windows8|Any CPU
		{4D6E1128-BE14-47D3-9B8E-2B8AF91679C7}.Windows8|Mixed Platforms.ActiveCfg = Windows8|Any CPU
		{4D6E1128-BE14-47D3-9B8E-2B8AF91679C7}.Windows8|Mixed Platforms.Build.0 = Windows8|Any CPU
		{4D6E1128-BE14-47D3-9B8E-2B8AF91679C7}.Windows8|x64.ActiveCfg = Windows8|Any CPU
		{4D6E1128-BE14-47D3-9B8E-2B8AF91679C7}.Windows8|x86.ActiveCfg = Windows8|Any CPU
		{AEC1E809-90CC-424A-AD5C-7F29576F791C}.Android|Any CPU.ActiveCfg = Android|Any CPU
		{AEC1E809-90CC-424A-AD5C-7F29576F791C}.Android|ARM.ActiveCfg = Android|Any CPU
		{AEC1E809-90CC-424A-AD5C-7F29576F791C}.Android|Mixed Platforms.ActiveCfg = Android|Any CPU
		{AEC1E809-90CC-424A-AD5C-7F29576F791C}.Android|x64.ActiveCfg = Android|Any CPU
		{AEC1E809-90CC-424A-AD5C-7F29576F791C}.Android|x86.ActiveCfg = Android|Any CPU
		{AEC1E809-90CC-424A-AD5C-7F29576F791C}.Debug|Any CPU.ActiveCfg = PSM|Any CPU
		{AEC1E809-90CC-424A-AD5C-7F29576F791C}.Debug|ARM.ActiveCfg = PSM|Any CPU
		{AEC1E809-90CC-424A-AD5C-7F29576F791C}.Debug|Mixed Platforms.ActiveCfg = PSM|Any CPU
		{AEC1E809-90CC-424A-AD5C-7F29576F791C}.Debug|x64.ActiveCfg = PSM|Any CPU
		{AEC1E809-90CC-424A-AD5C-7F29576F791C}.Debug|x86.ActiveCfg = PSM|Any CPU
		{AEC1E809-90CC-424A-AD5C-7F29576F791C}.iOS|Any CPU.ActiveCfg = iOS|Any CPU
		{AEC1E809-90CC-424A-AD5C-7F29576F791C}.iOS|ARM.ActiveCfg = iOS|Any CPU
		{AEC1E809-90CC-424A-AD5C-7F29576F791C}.iOS|Mixed Platforms.ActiveCfg = iOS|Any CPU
		{AEC1E809-90CC-424A-AD5C-7F29576F791C}.iOS|x64.ActiveCfg = iOS|Any CPU
		{AEC1E809-90CC-424A-AD5C-7F29576F791C}.iOS|x86.ActiveCfg = iOS|Any CPU
		{AEC1E809-90CC-424A-AD5C-7F29576F791C}.Linux|Any CPU.ActiveCfg = Linux|Any CPU
		{AEC1E809-90CC-424A-AD5C-7F29576F791C}.Linux|ARM.ActiveCfg = Linux|Any CPU
		{AEC1E809-90CC-424A-AD5C-7F29576F791C}.Linux|Mixed Platforms.ActiveCfg = Linux|Any CPU
		{AEC1E809-90CC-424A-AD5C-7F29576F791C}.Linux|x64.ActiveCfg = Linux|Any CPU
		{AEC1E809-90CC-424A-AD5C-7F29576F791C}.Linux|x86.ActiveCfg = Linux|Any CPU
		{AEC1E809-90CC-424A-AD5C-7F29576F791C}.OSX|Any CPU.ActiveCfg = OSX|Any CPU
		{AEC1E809-90CC-424A-AD5C-7F29576F791C}.OSX|ARM.ActiveCfg = OSX|Any CPU
		{AEC1E809-90CC-424A-AD5C-7F29576F791C}.OSX|Mixed Platforms.ActiveCfg = OSX|Any CPU
		{AEC1E809-90CC-424A-AD5C-7F29576F791C}.OSX|x64.ActiveCfg = OSX|Any CPU
		{AEC1E809-90CC-424A-AD5C-7F29576F791C}.OSX|x86.ActiveCfg = OSX|Any CPU
		{AEC1E809-90CC-424A-AD5C-7F29576F791C}.PSM|Any CPU.ActiveCfg = PSM|Any CPU
		{AEC1E809-90CC-424A-AD5C-7F29576F791C}.PSM|ARM.ActiveCfg = PSM|Any CPU
		{AEC1E809-90CC-424A-AD5C-7F29576F791C}.PSM|Mixed Platforms.ActiveCfg = PSM|Any CPU
		{AEC1E809-90CC-424A-AD5C-7F29576F791C}.PSM|x64.ActiveCfg = PSM|Any CPU
		{AEC1E809-90CC-424A-AD5C-7F29576F791C}.PSM|x86.ActiveCfg = PSM|Any CPU
		{AEC1E809-90CC-424A-AD5C-7F29576F791C}.Release|Any CPU.ActiveCfg = PSM|Any CPU
		{AEC1E809-90CC-424A-AD5C-7F29576F791C}.Release|ARM.ActiveCfg = PSM|Any CPU
		{AEC1E809-90CC-424A-AD5C-7F29576F791C}.Release|Mixed Platforms.ActiveCfg = PSM|Any CPU
		{AEC1E809-90CC-424A-AD5C-7F29576F791C}.Release|x64.ActiveCfg = PSM|Any CPU
		{AEC1E809-90CC-424A-AD5C-7F29576F791C}.Release|x86.ActiveCfg = PSM|Any CPU
		{AEC1E809-90CC-424A-AD5C-7F29576F791C}.Windows|Any CPU.ActiveCfg = Windows|Any CPU
		{AEC1E809-90CC-424A-AD5C-7F29576F791C}.Windows|ARM.ActiveCfg = Windows|Any CPU
		{AEC1E809-90CC-424A-AD5C-7F29576F791C}.Windows|Mixed Platforms.ActiveCfg = Windows|Any CPU
		{AEC1E809-90CC-424A-AD5C-7F29576F791C}.Windows|x64.ActiveCfg = Windows|Any CPU
		{AEC1E809-90CC-424A-AD5C-7F29576F791C}.Windows|x86.ActiveCfg = Windows|Any CPU
		{AEC1E809-90CC-424A-AD5C-7F29576F791C}.Windows8|Any CPU.ActiveCfg = Windows8|Any CPU
		{AEC1E809-90CC-424A-AD5C-7F29576F791C}.Windows8|ARM.ActiveCfg = Windows8|Any CPU
		{AEC1E809-90CC-424A-AD5C-7F29576F791C}.Windows8|Mixed Platforms.ActiveCfg = Windows8|Any CPU
		{AEC1E809-90CC-424A-AD5C-7F29576F791C}.Windows8|x64.ActiveCfg = Windows8|Any CPU
		{AEC1E809-90CC-424A-AD5C-7F29576F791C}.Windows8|x86.ActiveCfg = Windows8|Any CPU
		{530497C8-39BA-48CA-A18B-A6F4C0EAD5B0}.Android|Any CPU.ActiveCfg = Release|x86
		{530497C8-39BA-48CA-A18B-A6F4C0EAD5B0}.Android|Any CPU.Build.0 = Release|x86
		{530497C8-39BA-48CA-A18B-A6F4C0EAD5B0}.Android|ARM.ActiveCfg = Release|x86
		{530497C8-39BA-48CA-A18B-A6F4C0EAD5B0}.Android|ARM.Build.0 = Release|x86
		{530497C8-39BA-48CA-A18B-A6F4C0EAD5B0}.Android|Mixed Platforms.ActiveCfg = Release|x86
		{530497C8-39BA-48CA-A18B-A6F4C0EAD5B0}.Android|Mixed Platforms.Build.0 = Release|x86
		{530497C8-39BA-48CA-A18B-A6F4C0EAD5B0}.Android|x64.ActiveCfg = Release|x86
		{530497C8-39BA-48CA-A18B-A6F4C0EAD5B0}.Android|x64.Build.0 = Release|x86
		{530497C8-39BA-48CA-A18B-A6F4C0EAD5B0}.Android|x86.ActiveCfg = Release|x86
		{530497C8-39BA-48CA-A18B-A6F4C0EAD5B0}.Android|x86.Build.0 = Release|x86
		{530497C8-39BA-48CA-A18B-A6F4C0EAD5B0}.Debug|Any CPU.ActiveCfg = Debug|x86
		{530497C8-39BA-48CA-A18B-A6F4C0EAD5B0}.Debug|Any CPU.Build.0 = Debug|x86
		{530497C8-39BA-48CA-A18B-A6F4C0EAD5B0}.Debug|ARM.ActiveCfg = Debug|x86
		{530497C8-39BA-48CA-A18B-A6F4C0EAD5B0}.Debug|ARM.Build.0 = Debug|x86
		{530497C8-39BA-48CA-A18B-A6F4C0EAD5B0}.Debug|Mixed Platforms.ActiveCfg = Debug|x86
		{530497C8-39BA-48CA-A18B-A6F4C0EAD5B0}.Debug|Mixed Platforms.Build.0 = Debug|x86
		{530497C8-39BA-48CA-A18B-A6F4C0EAD5B0}.Debug|x64.ActiveCfg = Debug|x86
		{530497C8-39BA-48CA-A18B-A6F4C0EAD5B0}.Debug|x64.Build.0 = Debug|x86
		{530497C8-39BA-48CA-A18B-A6F4C0EAD5B0}.Debug|x86.ActiveCfg = Debug|x86
		{530497C8-39BA-48CA-A18B-A6F4C0EAD5B0}.Debug|x86.Build.0 = Debug|x86
		{530497C8-39BA-48CA-A18B-A6F4C0EAD5B0}.iOS|Any CPU.ActiveCfg = Release|x86
		{530497C8-39BA-48CA-A18B-A6F4C0EAD5B0}.iOS|Any CPU.Build.0 = Release|x86
		{530497C8-39BA-48CA-A18B-A6F4C0EAD5B0}.iOS|ARM.ActiveCfg = Release|x86
		{530497C8-39BA-48CA-A18B-A6F4C0EAD5B0}.iOS|ARM.Build.0 = Release|x86
		{530497C8-39BA-48CA-A18B-A6F4C0EAD5B0}.iOS|Mixed Platforms.ActiveCfg = Release|x86
		{530497C8-39BA-48CA-A18B-A6F4C0EAD5B0}.iOS|Mixed Platforms.Build.0 = Release|x86
		{530497C8-39BA-48CA-A18B-A6F4C0EAD5B0}.iOS|x64.ActiveCfg = Release|x86
		{530497C8-39BA-48CA-A18B-A6F4C0EAD5B0}.iOS|x64.Build.0 = Release|x86
		{530497C8-39BA-48CA-A18B-A6F4C0EAD5B0}.iOS|x86.ActiveCfg = Release|x86
		{530497C8-39BA-48CA-A18B-A6F4C0EAD5B0}.iOS|x86.Build.0 = Release|x86
		{530497C8-39BA-48CA-A18B-A6F4C0EAD5B0}.Linux|Any CPU.ActiveCfg = Release|x86
		{530497C8-39BA-48CA-A18B-A6F4C0EAD5B0}.Linux|Any CPU.Build.0 = Release|x86
		{530497C8-39BA-48CA-A18B-A6F4C0EAD5B0}.Linux|ARM.ActiveCfg = Release|x86
		{530497C8-39BA-48CA-A18B-A6F4C0EAD5B0}.Linux|ARM.Build.0 = Release|x86
		{530497C8-39BA-48CA-A18B-A6F4C0EAD5B0}.Linux|Mixed Platforms.ActiveCfg = Release|x86
		{530497C8-39BA-48CA-A18B-A6F4C0EAD5B0}.Linux|Mixed Platforms.Build.0 = Release|x86
		{530497C8-39BA-48CA-A18B-A6F4C0EAD5B0}.Linux|x64.ActiveCfg = Release|x86
		{530497C8-39BA-48CA-A18B-A6F4C0EAD5B0}.Linux|x64.Build.0 = Release|x86
		{530497C8-39BA-48CA-A18B-A6F4C0EAD5B0}.Linux|x86.ActiveCfg = Release|x86
		{530497C8-39BA-48CA-A18B-A6F4C0EAD5B0}.Linux|x86.Build.0 = Release|x86
		{530497C8-39BA-48CA-A18B-A6F4C0EAD5B0}.OSX|Any CPU.ActiveCfg = Release|x86
		{530497C8-39BA-48CA-A18B-A6F4C0EAD5B0}.OSX|Any CPU.Build.0 = Release|x86
		{530497C8-39BA-48CA-A18B-A6F4C0EAD5B0}.OSX|ARM.ActiveCfg = Release|x86
		{530497C8-39BA-48CA-A18B-A6F4C0EAD5B0}.OSX|ARM.Build.0 = Release|x86
		{530497C8-39BA-48CA-A18B-A6F4C0EAD5B0}.OSX|Mixed Platforms.ActiveCfg = Release|x86
		{530497C8-39BA-48CA-A18B-A6F4C0EAD5B0}.OSX|Mixed Platforms.Build.0 = Release|x86
		{530497C8-39BA-48CA-A18B-A6F4C0EAD5B0}.OSX|x64.ActiveCfg = Release|x86
		{530497C8-39BA-48CA-A18B-A6F4C0EAD5B0}.OSX|x64.Build.0 = Release|x86
		{530497C8-39BA-48CA-A18B-A6F4C0EAD5B0}.OSX|x86.ActiveCfg = Release|x86
		{530497C8-39BA-48CA-A18B-A6F4C0EAD5B0}.OSX|x86.Build.0 = Release|x86
		{530497C8-39BA-48CA-A18B-A6F4C0EAD5B0}.PSM|Any CPU.ActiveCfg = Release|x86
		{530497C8-39BA-48CA-A18B-A6F4C0EAD5B0}.PSM|Any CPU.Build.0 = Release|x86
		{530497C8-39BA-48CA-A18B-A6F4C0EAD5B0}.PSM|ARM.ActiveCfg = Release|x86
		{530497C8-39BA-48CA-A18B-A6F4C0EAD5B0}.PSM|ARM.Build.0 = Release|x86
		{530497C8-39BA-48CA-A18B-A6F4C0EAD5B0}.PSM|Mixed Platforms.ActiveCfg = Release|x86
		{530497C8-39BA-48CA-A18B-A6F4C0EAD5B0}.PSM|Mixed Platforms.Build.0 = Release|x86
		{530497C8-39BA-48CA-A18B-A6F4C0EAD5B0}.PSM|x64.ActiveCfg = Release|x86
		{530497C8-39BA-48CA-A18B-A6F4C0EAD5B0}.PSM|x64.Build.0 = Release|x86
		{530497C8-39BA-48CA-A18B-A6F4C0EAD5B0}.PSM|x86.ActiveCfg = Release|x86
		{530497C8-39BA-48CA-A18B-A6F4C0EAD5B0}.PSM|x86.Build.0 = Release|x86
		{530497C8-39BA-48CA-A18B-A6F4C0EAD5B0}.Release|Any CPU.ActiveCfg = Release|x86
		{530497C8-39BA-48CA-A18B-A6F4C0EAD5B0}.Release|Any CPU.Build.0 = Release|x86
		{530497C8-39BA-48CA-A18B-A6F4C0EAD5B0}.Release|ARM.ActiveCfg = Release|x86
		{530497C8-39BA-48CA-A18B-A6F4C0EAD5B0}.Release|ARM.Build.0 = Release|x86
		{530497C8-39BA-48CA-A18B-A6F4C0EAD5B0}.Release|Mixed Platforms.ActiveCfg = Release|x86
		{530497C8-39BA-48CA-A18B-A6F4C0EAD5B0}.Release|Mixed Platforms.Build.0 = Release|x86
		{530497C8-39BA-48CA-A18B-A6F4C0EAD5B0}.Release|x64.ActiveCfg = Release|x86
		{530497C8-39BA-48CA-A18B-A6F4C0EAD5B0}.Release|x64.Build.0 = Release|x86
		{530497C8-39BA-48CA-A18B-A6F4C0EAD5B0}.Release|x86.ActiveCfg = Release|x86
		{530497C8-39BA-48CA-A18B-A6F4C0EAD5B0}.Release|x86.Build.0 = Release|x86
		{530497C8-39BA-48CA-A18B-A6F4C0EAD5B0}.Windows|Any CPU.ActiveCfg = Release|x86
		{530497C8-39BA-48CA-A18B-A6F4C0EAD5B0}.Windows|Any CPU.Build.0 = Release|x86
		{530497C8-39BA-48CA-A18B-A6F4C0EAD5B0}.Windows|ARM.ActiveCfg = Release|x86
		{530497C8-39BA-48CA-A18B-A6F4C0EAD5B0}.Windows|ARM.Build.0 = Release|x86
		{530497C8-39BA-48CA-A18B-A6F4C0EAD5B0}.Windows|Mixed Platforms.ActiveCfg = Release|x86
		{530497C8-39BA-48CA-A18B-A6F4C0EAD5B0}.Windows|Mixed Platforms.Build.0 = Release|x86
		{530497C8-39BA-48CA-A18B-A6F4C0EAD5B0}.Windows|x64.ActiveCfg = Release|x86
		{530497C8-39BA-48CA-A18B-A6F4C0EAD5B0}.Windows|x64.Build.0 = Release|x86
		{530497C8-39BA-48CA-A18B-A6F4C0EAD5B0}.Windows|x86.ActiveCfg = Release|x86
		{530497C8-39BA-48CA-A18B-A6F4C0EAD5B0}.Windows|x86.Build.0 = Release|x86
		{530497C8-39BA-48CA-A18B-A6F4C0EAD5B0}.Windows8|Any CPU.ActiveCfg = Release|x86
		{530497C8-39BA-48CA-A18B-A6F4C0EAD5B0}.Windows8|Any CPU.Build.0 = Release|x86
		{530497C8-39BA-48CA-A18B-A6F4C0EAD5B0}.Windows8|ARM.ActiveCfg = Release|x86
		{530497C8-39BA-48CA-A18B-A6F4C0EAD5B0}.Windows8|ARM.Build.0 = Release|x86
		{530497C8-39BA-48CA-A18B-A6F4C0EAD5B0}.Windows8|Mixed Platforms.ActiveCfg = Release|x86
		{530497C8-39BA-48CA-A18B-A6F4C0EAD5B0}.Windows8|Mixed Platforms.Build.0 = Release|x86
		{530497C8-39BA-48CA-A18B-A6F4C0EAD5B0}.Windows8|x64.ActiveCfg = Release|x86
		{530497C8-39BA-48CA-A18B-A6F4C0EAD5B0}.Windows8|x64.Build.0 = Release|x86
		{530497C8-39BA-48CA-A18B-A6F4C0EAD5B0}.Windows8|x86.ActiveCfg = Release|x86
		{530497C8-39BA-48CA-A18B-A6F4C0EAD5B0}.Windows8|x86.Build.0 = Release|x86
		{32650DF2-89D2-41F7-A321-37F2A17A0E2C}.Android|Any CPU.ActiveCfg = Release|Any CPU
		{32650DF2-89D2-41F7-A321-37F2A17A0E2C}.Android|Any CPU.Build.0 = Release|Any CPU
		{32650DF2-89D2-41F7-A321-37F2A17A0E2C}.Android|ARM.ActiveCfg = Release|Any CPU
		{32650DF2-89D2-41F7-A321-37F2A17A0E2C}.Android|Mixed Platforms.ActiveCfg = Release|Any CPU
		{32650DF2-89D2-41F7-A321-37F2A17A0E2C}.Android|Mixed Platforms.Build.0 = Release|Any CPU
		{32650DF2-89D2-41F7-A321-37F2A17A0E2C}.Android|x64.ActiveCfg = Release|Any CPU
		{32650DF2-89D2-41F7-A321-37F2A17A0E2C}.Android|x86.ActiveCfg = Release|Any CPU
		{32650DF2-89D2-41F7-A321-37F2A17A0E2C}.Debug|Any CPU.ActiveCfg = Debug|Any CPU
		{32650DF2-89D2-41F7-A321-37F2A17A0E2C}.Debug|Any CPU.Build.0 = Debug|Any CPU
		{32650DF2-89D2-41F7-A321-37F2A17A0E2C}.Debug|ARM.ActiveCfg = Debug|Any CPU
		{32650DF2-89D2-41F7-A321-37F2A17A0E2C}.Debug|Mixed Platforms.ActiveCfg = Debug|Any CPU
		{32650DF2-89D2-41F7-A321-37F2A17A0E2C}.Debug|Mixed Platforms.Build.0 = Debug|Any CPU
		{32650DF2-89D2-41F7-A321-37F2A17A0E2C}.Debug|x64.ActiveCfg = Debug|Any CPU
		{32650DF2-89D2-41F7-A321-37F2A17A0E2C}.Debug|x86.ActiveCfg = Debug|Any CPU
		{32650DF2-89D2-41F7-A321-37F2A17A0E2C}.iOS|Any CPU.ActiveCfg = Release|Any CPU
		{32650DF2-89D2-41F7-A321-37F2A17A0E2C}.iOS|Any CPU.Build.0 = Release|Any CPU
		{32650DF2-89D2-41F7-A321-37F2A17A0E2C}.iOS|ARM.ActiveCfg = Release|Any CPU
		{32650DF2-89D2-41F7-A321-37F2A17A0E2C}.iOS|Mixed Platforms.ActiveCfg = Release|Any CPU
		{32650DF2-89D2-41F7-A321-37F2A17A0E2C}.iOS|Mixed Platforms.Build.0 = Release|Any CPU
		{32650DF2-89D2-41F7-A321-37F2A17A0E2C}.iOS|x64.ActiveCfg = Release|Any CPU
		{32650DF2-89D2-41F7-A321-37F2A17A0E2C}.iOS|x86.ActiveCfg = Release|Any CPU
		{32650DF2-89D2-41F7-A321-37F2A17A0E2C}.Linux|Any CPU.ActiveCfg = Release|Any CPU
		{32650DF2-89D2-41F7-A321-37F2A17A0E2C}.Linux|Any CPU.Build.0 = Release|Any CPU
		{32650DF2-89D2-41F7-A321-37F2A17A0E2C}.Linux|ARM.ActiveCfg = Release|Any CPU
		{32650DF2-89D2-41F7-A321-37F2A17A0E2C}.Linux|Mixed Platforms.ActiveCfg = Release|Any CPU
		{32650DF2-89D2-41F7-A321-37F2A17A0E2C}.Linux|Mixed Platforms.Build.0 = Release|Any CPU
		{32650DF2-89D2-41F7-A321-37F2A17A0E2C}.Linux|x64.ActiveCfg = Release|Any CPU
		{32650DF2-89D2-41F7-A321-37F2A17A0E2C}.Linux|x86.ActiveCfg = Release|Any CPU
		{32650DF2-89D2-41F7-A321-37F2A17A0E2C}.OSX|Any CPU.ActiveCfg = Release|Any CPU
		{32650DF2-89D2-41F7-A321-37F2A17A0E2C}.OSX|Any CPU.Build.0 = Release|Any CPU
		{32650DF2-89D2-41F7-A321-37F2A17A0E2C}.OSX|ARM.ActiveCfg = Release|Any CPU
		{32650DF2-89D2-41F7-A321-37F2A17A0E2C}.OSX|Mixed Platforms.ActiveCfg = Release|Any CPU
		{32650DF2-89D2-41F7-A321-37F2A17A0E2C}.OSX|Mixed Platforms.Build.0 = Release|Any CPU
		{32650DF2-89D2-41F7-A321-37F2A17A0E2C}.OSX|x64.ActiveCfg = Release|Any CPU
		{32650DF2-89D2-41F7-A321-37F2A17A0E2C}.OSX|x86.ActiveCfg = Release|Any CPU
		{32650DF2-89D2-41F7-A321-37F2A17A0E2C}.PSM|Any CPU.ActiveCfg = Release|Any CPU
		{32650DF2-89D2-41F7-A321-37F2A17A0E2C}.PSM|Any CPU.Build.0 = Release|Any CPU
		{32650DF2-89D2-41F7-A321-37F2A17A0E2C}.PSM|ARM.ActiveCfg = Release|Any CPU
		{32650DF2-89D2-41F7-A321-37F2A17A0E2C}.PSM|Mixed Platforms.ActiveCfg = Release|Any CPU
		{32650DF2-89D2-41F7-A321-37F2A17A0E2C}.PSM|Mixed Platforms.Build.0 = Release|Any CPU
		{32650DF2-89D2-41F7-A321-37F2A17A0E2C}.PSM|x64.ActiveCfg = Release|Any CPU
		{32650DF2-89D2-41F7-A321-37F2A17A0E2C}.PSM|x86.ActiveCfg = Release|Any CPU
		{32650DF2-89D2-41F7-A321-37F2A17A0E2C}.Release|Any CPU.ActiveCfg = Release|Any CPU
		{32650DF2-89D2-41F7-A321-37F2A17A0E2C}.Release|Any CPU.Build.0 = Release|Any CPU
		{32650DF2-89D2-41F7-A321-37F2A17A0E2C}.Release|ARM.ActiveCfg = Release|Any CPU
		{32650DF2-89D2-41F7-A321-37F2A17A0E2C}.Release|Mixed Platforms.ActiveCfg = Release|Any CPU
		{32650DF2-89D2-41F7-A321-37F2A17A0E2C}.Release|Mixed Platforms.Build.0 = Release|Any CPU
		{32650DF2-89D2-41F7-A321-37F2A17A0E2C}.Release|x64.ActiveCfg = Release|Any CPU
		{32650DF2-89D2-41F7-A321-37F2A17A0E2C}.Release|x86.ActiveCfg = Release|Any CPU
		{32650DF2-89D2-41F7-A321-37F2A17A0E2C}.Windows|Any CPU.ActiveCfg = Release|Any CPU
		{32650DF2-89D2-41F7-A321-37F2A17A0E2C}.Windows|Any CPU.Build.0 = Release|Any CPU
		{32650DF2-89D2-41F7-A321-37F2A17A0E2C}.Windows|ARM.ActiveCfg = Release|Any CPU
		{32650DF2-89D2-41F7-A321-37F2A17A0E2C}.Windows|Mixed Platforms.ActiveCfg = Release|Any CPU
		{32650DF2-89D2-41F7-A321-37F2A17A0E2C}.Windows|Mixed Platforms.Build.0 = Release|Any CPU
		{32650DF2-89D2-41F7-A321-37F2A17A0E2C}.Windows|x64.ActiveCfg = Release|Any CPU
		{32650DF2-89D2-41F7-A321-37F2A17A0E2C}.Windows|x86.ActiveCfg = Release|Any CPU
		{32650DF2-89D2-41F7-A321-37F2A17A0E2C}.Windows8|Any CPU.ActiveCfg = Release|Any CPU
		{32650DF2-89D2-41F7-A321-37F2A17A0E2C}.Windows8|Any CPU.Build.0 = Release|Any CPU
		{32650DF2-89D2-41F7-A321-37F2A17A0E2C}.Windows8|ARM.ActiveCfg = Release|Any CPU
		{32650DF2-89D2-41F7-A321-37F2A17A0E2C}.Windows8|Mixed Platforms.ActiveCfg = Release|Any CPU
		{32650DF2-89D2-41F7-A321-37F2A17A0E2C}.Windows8|Mixed Platforms.Build.0 = Release|Any CPU
		{32650DF2-89D2-41F7-A321-37F2A17A0E2C}.Windows8|x64.ActiveCfg = Release|Any CPU
		{32650DF2-89D2-41F7-A321-37F2A17A0E2C}.Windows8|x86.ActiveCfg = Release|Any CPU
		{ABB52B39-DC55-41F9-96A6-FFF988025DBB}.Android|Any CPU.ActiveCfg = Release|Any CPU
		{ABB52B39-DC55-41F9-96A6-FFF988025DBB}.Android|Any CPU.Build.0 = Release|Any CPU
		{ABB52B39-DC55-41F9-96A6-FFF988025DBB}.Android|ARM.ActiveCfg = Release|ARM
		{ABB52B39-DC55-41F9-96A6-FFF988025DBB}.Android|ARM.Build.0 = Release|ARM
		{ABB52B39-DC55-41F9-96A6-FFF988025DBB}.Android|Mixed Platforms.ActiveCfg = Release|x86
		{ABB52B39-DC55-41F9-96A6-FFF988025DBB}.Android|Mixed Platforms.Build.0 = Release|x86
		{ABB52B39-DC55-41F9-96A6-FFF988025DBB}.Android|x64.ActiveCfg = Release|x64
		{ABB52B39-DC55-41F9-96A6-FFF988025DBB}.Android|x64.Build.0 = Release|x64
		{ABB52B39-DC55-41F9-96A6-FFF988025DBB}.Android|x86.ActiveCfg = Release|x86
		{ABB52B39-DC55-41F9-96A6-FFF988025DBB}.Android|x86.Build.0 = Release|x86
		{ABB52B39-DC55-41F9-96A6-FFF988025DBB}.Debug|Any CPU.ActiveCfg = Debug|Any CPU
		{ABB52B39-DC55-41F9-96A6-FFF988025DBB}.Debug|Any CPU.Build.0 = Debug|Any CPU
		{ABB52B39-DC55-41F9-96A6-FFF988025DBB}.Debug|ARM.ActiveCfg = Debug|ARM
		{ABB52B39-DC55-41F9-96A6-FFF988025DBB}.Debug|ARM.Build.0 = Debug|ARM
		{ABB52B39-DC55-41F9-96A6-FFF988025DBB}.Debug|Mixed Platforms.ActiveCfg = Debug|x86
		{ABB52B39-DC55-41F9-96A6-FFF988025DBB}.Debug|Mixed Platforms.Build.0 = Debug|x86
		{ABB52B39-DC55-41F9-96A6-FFF988025DBB}.Debug|x64.ActiveCfg = Debug|x64
		{ABB52B39-DC55-41F9-96A6-FFF988025DBB}.Debug|x64.Build.0 = Debug|x64
		{ABB52B39-DC55-41F9-96A6-FFF988025DBB}.Debug|x86.ActiveCfg = Debug|x86
		{ABB52B39-DC55-41F9-96A6-FFF988025DBB}.Debug|x86.Build.0 = Debug|x86
		{ABB52B39-DC55-41F9-96A6-FFF988025DBB}.iOS|Any CPU.ActiveCfg = Release|Any CPU
		{ABB52B39-DC55-41F9-96A6-FFF988025DBB}.iOS|Any CPU.Build.0 = Release|Any CPU
		{ABB52B39-DC55-41F9-96A6-FFF988025DBB}.iOS|ARM.ActiveCfg = Release|ARM
		{ABB52B39-DC55-41F9-96A6-FFF988025DBB}.iOS|ARM.Build.0 = Release|ARM
		{ABB52B39-DC55-41F9-96A6-FFF988025DBB}.iOS|Mixed Platforms.ActiveCfg = Release|x86
		{ABB52B39-DC55-41F9-96A6-FFF988025DBB}.iOS|Mixed Platforms.Build.0 = Release|x86
		{ABB52B39-DC55-41F9-96A6-FFF988025DBB}.iOS|x64.ActiveCfg = Release|x64
		{ABB52B39-DC55-41F9-96A6-FFF988025DBB}.iOS|x64.Build.0 = Release|x64
		{ABB52B39-DC55-41F9-96A6-FFF988025DBB}.iOS|x86.ActiveCfg = Release|x86
		{ABB52B39-DC55-41F9-96A6-FFF988025DBB}.iOS|x86.Build.0 = Release|x86
		{ABB52B39-DC55-41F9-96A6-FFF988025DBB}.Linux|Any CPU.ActiveCfg = Release|Any CPU
		{ABB52B39-DC55-41F9-96A6-FFF988025DBB}.Linux|Any CPU.Build.0 = Release|Any CPU
		{ABB52B39-DC55-41F9-96A6-FFF988025DBB}.Linux|ARM.ActiveCfg = Release|ARM
		{ABB52B39-DC55-41F9-96A6-FFF988025DBB}.Linux|ARM.Build.0 = Release|ARM
		{ABB52B39-DC55-41F9-96A6-FFF988025DBB}.Linux|Mixed Platforms.ActiveCfg = Release|x86
		{ABB52B39-DC55-41F9-96A6-FFF988025DBB}.Linux|Mixed Platforms.Build.0 = Release|x86
		{ABB52B39-DC55-41F9-96A6-FFF988025DBB}.Linux|x64.ActiveCfg = Release|x64
		{ABB52B39-DC55-41F9-96A6-FFF988025DBB}.Linux|x64.Build.0 = Release|x64
		{ABB52B39-DC55-41F9-96A6-FFF988025DBB}.Linux|x86.ActiveCfg = Release|x86
		{ABB52B39-DC55-41F9-96A6-FFF988025DBB}.Linux|x86.Build.0 = Release|x86
		{ABB52B39-DC55-41F9-96A6-FFF988025DBB}.OSX|Any CPU.ActiveCfg = Release|Any CPU
		{ABB52B39-DC55-41F9-96A6-FFF988025DBB}.OSX|Any CPU.Build.0 = Release|Any CPU
		{ABB52B39-DC55-41F9-96A6-FFF988025DBB}.OSX|ARM.ActiveCfg = Release|ARM
		{ABB52B39-DC55-41F9-96A6-FFF988025DBB}.OSX|ARM.Build.0 = Release|ARM
		{ABB52B39-DC55-41F9-96A6-FFF988025DBB}.OSX|Mixed Platforms.ActiveCfg = Release|x86
		{ABB52B39-DC55-41F9-96A6-FFF988025DBB}.OSX|Mixed Platforms.Build.0 = Release|x86
		{ABB52B39-DC55-41F9-96A6-FFF988025DBB}.OSX|x64.ActiveCfg = Release|x64
		{ABB52B39-DC55-41F9-96A6-FFF988025DBB}.OSX|x64.Build.0 = Release|x64
		{ABB52B39-DC55-41F9-96A6-FFF988025DBB}.OSX|x86.ActiveCfg = Release|x86
		{ABB52B39-DC55-41F9-96A6-FFF988025DBB}.OSX|x86.Build.0 = Release|x86
		{ABB52B39-DC55-41F9-96A6-FFF988025DBB}.PSM|Any CPU.ActiveCfg = Release|Any CPU
		{ABB52B39-DC55-41F9-96A6-FFF988025DBB}.PSM|Any CPU.Build.0 = Release|Any CPU
		{ABB52B39-DC55-41F9-96A6-FFF988025DBB}.PSM|ARM.ActiveCfg = Release|ARM
		{ABB52B39-DC55-41F9-96A6-FFF988025DBB}.PSM|ARM.Build.0 = Release|ARM
		{ABB52B39-DC55-41F9-96A6-FFF988025DBB}.PSM|Mixed Platforms.ActiveCfg = Release|x86
		{ABB52B39-DC55-41F9-96A6-FFF988025DBB}.PSM|Mixed Platforms.Build.0 = Release|x86
		{ABB52B39-DC55-41F9-96A6-FFF988025DBB}.PSM|x64.ActiveCfg = Release|x64
		{ABB52B39-DC55-41F9-96A6-FFF988025DBB}.PSM|x64.Build.0 = Release|x64
		{ABB52B39-DC55-41F9-96A6-FFF988025DBB}.PSM|x86.ActiveCfg = Release|x86
		{ABB52B39-DC55-41F9-96A6-FFF988025DBB}.PSM|x86.Build.0 = Release|x86
		{ABB52B39-DC55-41F9-96A6-FFF988025DBB}.Release|Any CPU.ActiveCfg = Release|Any CPU
		{ABB52B39-DC55-41F9-96A6-FFF988025DBB}.Release|Any CPU.Build.0 = Release|Any CPU
		{ABB52B39-DC55-41F9-96A6-FFF988025DBB}.Release|ARM.ActiveCfg = Release|ARM
		{ABB52B39-DC55-41F9-96A6-FFF988025DBB}.Release|ARM.Build.0 = Release|ARM
		{ABB52B39-DC55-41F9-96A6-FFF988025DBB}.Release|Mixed Platforms.ActiveCfg = Release|x86
		{ABB52B39-DC55-41F9-96A6-FFF988025DBB}.Release|Mixed Platforms.Build.0 = Release|x86
		{ABB52B39-DC55-41F9-96A6-FFF988025DBB}.Release|x64.ActiveCfg = Release|x64
		{ABB52B39-DC55-41F9-96A6-FFF988025DBB}.Release|x64.Build.0 = Release|x64
		{ABB52B39-DC55-41F9-96A6-FFF988025DBB}.Release|x86.ActiveCfg = Release|x86
		{ABB52B39-DC55-41F9-96A6-FFF988025DBB}.Release|x86.Build.0 = Release|x86
		{ABB52B39-DC55-41F9-96A6-FFF988025DBB}.Windows|Any CPU.ActiveCfg = Release|Any CPU
		{ABB52B39-DC55-41F9-96A6-FFF988025DBB}.Windows|Any CPU.Build.0 = Release|Any CPU
		{ABB52B39-DC55-41F9-96A6-FFF988025DBB}.Windows|ARM.ActiveCfg = Release|ARM
		{ABB52B39-DC55-41F9-96A6-FFF988025DBB}.Windows|ARM.Build.0 = Release|ARM
		{ABB52B39-DC55-41F9-96A6-FFF988025DBB}.Windows|Mixed Platforms.ActiveCfg = Release|x86
		{ABB52B39-DC55-41F9-96A6-FFF988025DBB}.Windows|Mixed Platforms.Build.0 = Release|x86
		{ABB52B39-DC55-41F9-96A6-FFF988025DBB}.Windows|x64.ActiveCfg = Release|x64
		{ABB52B39-DC55-41F9-96A6-FFF988025DBB}.Windows|x64.Build.0 = Release|x64
		{ABB52B39-DC55-41F9-96A6-FFF988025DBB}.Windows|x86.ActiveCfg = Release|x86
		{ABB52B39-DC55-41F9-96A6-FFF988025DBB}.Windows|x86.Build.0 = Release|x86
		{ABB52B39-DC55-41F9-96A6-FFF988025DBB}.Windows8|Any CPU.ActiveCfg = Release|Any CPU
		{ABB52B39-DC55-41F9-96A6-FFF988025DBB}.Windows8|Any CPU.Build.0 = Release|Any CPU
		{ABB52B39-DC55-41F9-96A6-FFF988025DBB}.Windows8|ARM.ActiveCfg = Release|ARM
		{ABB52B39-DC55-41F9-96A6-FFF988025DBB}.Windows8|ARM.Build.0 = Release|ARM
		{ABB52B39-DC55-41F9-96A6-FFF988025DBB}.Windows8|Mixed Platforms.ActiveCfg = Release|x86
		{ABB52B39-DC55-41F9-96A6-FFF988025DBB}.Windows8|Mixed Platforms.Build.0 = Release|x86
		{ABB52B39-DC55-41F9-96A6-FFF988025DBB}.Windows8|x64.ActiveCfg = Release|x64
		{ABB52B39-DC55-41F9-96A6-FFF988025DBB}.Windows8|x64.Build.0 = Release|x64
		{ABB52B39-DC55-41F9-96A6-FFF988025DBB}.Windows8|x86.ActiveCfg = Release|x86
		{ABB52B39-DC55-41F9-96A6-FFF988025DBB}.Windows8|x86.Build.0 = Release|x86
	EndGlobalSection
	GlobalSection(SolutionProperties) = preSolution
		HideSolutionNode = FALSE
	EndGlobalSection
EndGlobal
