
Microsoft Visual Studio Solution File, Format Version 12.00
# Visual Studio 2012
Project("{FAE04EC0-301F-11D3-BF4B-00C04F79EFBC}") = "ANSKLibrary", "ANSKLibrary.csproj", "{ABB52B39-DC55-41F9-96A6-FFF988025DBB}"
EndProject
Global
	GlobalSection(SolutionConfigurationPlatforms) = preSolution
		Debug|Any CPU = Debug|Any CPU
		Debug|ARM = Debug|ARM
		Debug|x64 = Debug|x64
		Debug|x86 = Debug|x86
		Release|Any CPU = Release|Any CPU
		Release|ARM = Release|ARM
		Release|x64 = Release|x64
		Release|x86 = Release|x86
	EndGlobalSection
	GlobalSection(ProjectConfigurationPlatforms) = postSolution
		{ABB52B39-DC55-41F9-96A6-FFF988025DBB}.Debug|Any CPU.ActiveCfg = Debug|Any CPU
		{ABB52B39-DC55-41F9-96A6-FFF988025DBB}.Debug|Any CPU.Build.0 = Debug|Any CPU
		{ABB52B39-DC55-41F9-96A6-FFF988025DBB}.Debug|ARM.ActiveCfg = Debug|ARM
		{ABB52B39-DC55-41F9-96A6-FFF988025DBB}.Debug|ARM.Build.0 = Debug|ARM
		{ABB52B39-DC55-41F9-96A6-FFF988025DBB}.Debug|x64.ActiveCfg = Debug|x64
		{ABB52B39-DC55-41F9-96A6-FFF988025DBB}.Debug|x64.Build.0 = Debug|x64
		{ABB52B39-DC55-41F9-96A6-FFF988025DBB}.Debug|x86.ActiveCfg = Debug|x86
		{ABB52B39-DC55-41F9-96A6-FFF988025DBB}.Debug|x86.Build.0 = Debug|x86
		{ABB52B39-DC55-41F9-96A6-FFF988025DBB}.Release|Any CPU.ActiveCfg = Release|Any CPU
		{ABB52B39-DC55-41F9-96A6-FFF988025DBB}.Release|Any CPU.Build.0 = Release|Any CPU
		{ABB52B39-DC55-41F9-96A6-FFF988025DBB}.Release|ARM.ActiveCfg = Release|ARM
		{ABB52B39-DC55-41F9-96A6-FFF988025DBB}.Release|ARM.Build.0 = Release|ARM
		{ABB52B39-DC55-41F9-96A6-FFF988025DBB}.Release|x64.ActiveCfg = Release|x64
		{ABB52B39-DC55-41F9-96A6-FFF988025DBB}.Release|x64.Build.0 = Release|x64
		{ABB52B39-DC55-41F9-96A6-FFF988025DBB}.Release|x86.ActiveCfg = Release|x86
		{ABB52B39-DC55-41F9-96A6-FFF988025DBB}.Release|x86.Build.0 = Release|x86
	EndGlobalSection
	GlobalSection(SolutionProperties) = preSolution
		HideSolutionNode = FALSE
	EndGlobalSection
EndGlobal
